
Microsoft Visual Studio Solution File, Format Version 12.00
# Visual Studio 15
VisualStudioVersion = 15.0.28010.2050
MinimumVisualStudioVersion = 10.0.40219.1
Project("{FAE04EC0-301F-11D3-BF4B-00C04F79EFBC}") = "FinacialStatement", "FinacialStatement\FinacialStatement.csproj", "{D608C990-4A3D-434D-AC9D-79010FAA3915}"
EndProject
Global
	GlobalSection(SolutionConfigurationPlatforms) = preSolution
		Debug|Any CPU = Debug|Any CPU
		Release|Any CPU = Release|Any CPU
	EndGlobalSection
	GlobalSection(ProjectConfigurationPlatforms) = postSolution
		{D608C990-4A3D-434D-AC9D-79010FAA3915}.Debug|Any CPU.ActiveCfg = Debug|Any CPU
		{D608C990-4A3D-434D-AC9D-79010FAA3915}.Debug|Any CPU.Build.0 = Debug|Any CPU
		{D608C990-4A3D-434D-AC9D-79010FAA3915}.Release|Any CPU.ActiveCfg = Release|Any CPU
		{D608C990-4A3D-434D-AC9D-79010FAA3915}.Release|Any CPU.Build.0 = Release|Any CPU
	EndGlobalSection
	GlobalSection(SolutionProperties) = preSolution
		HideSolutionNode = FALSE
	EndGlobalSection
	GlobalSection(ExtensibilityGlobals) = postSolution
		SolutionGuid = {ACAE0332-58C2-4F96-B6FC-6B229827CE0C}
	EndGlobalSection
EndGlobal
